schema: '2.0'
stages:
  data_ingestion:
    cmd: python src/data/data_ingestion.py
    deps:
    - path: src/data/data_ingestion.py
      hash: md5
      md5: 117247967f969c075f3361698dad1d61
      size: 2375
    outs:
    - path: data/raw
      hash: md5
      md5: cf49b55a7f7b624478bc43bef9bc8777.dir
      size: 100017
      nfiles: 1
  data_preprocessing:
    cmd: python src/data/data_preprocessing.py
    deps:
    - path: data/raw
      hash: md5
      md5: cf49b55a7f7b624478bc43bef9bc8777.dir
      size: 100017
      nfiles: 1
    - path: src/data/data_preprocessing.py
      hash: md5
      md5: 2e9f5e8d6a2f07a4a54c0ec3899cee14
      size: 2927
    outs:
    - path: data/interim
      hash: md5
      md5: a0b0219901dd476664e48039ad5870a2.dir
      size: 10929515
      nfiles: 3
  feature_engineering:
    cmd: python src/features/feature_engineering.py
    deps:
    - path: data/interim
      hash: md5
      md5: a0b0219901dd476664e48039ad5870a2.dir
      size: 10929515
      nfiles: 3
    - path: src/features/feature_engineering.py
      hash: md5
      md5: 724711c79a22c680779bd2aad422ece5
      size: 3492
    params:
      params.yaml:
        feature_engineering.num_classes: 883
        feature_engineering.random_state: 42
        feature_engineering.test_size: 0.2
    outs:
    - path: data/processed
      hash: md5
      md5: 9e59709258e0f493c2c13f6b878fbfbf.dir
      size: 118811076
      nfiles: 4
  model_building:
    cmd: python src/model/model_building.py
    deps:
    - path: data/processed
      hash: md5
      md5: 9e59709258e0f493c2c13f6b878fbfbf.dir
      size: 118811076
      nfiles: 4
    - path: src/model/model_building.py
      hash: md5
      md5: 256afa2cde651d558568f82536a0f4cf
      size: 12297
    params:
      params.yaml:
        model_building.batch_size: 32
        model_building.dropout: 0.2
        model_building.embedding_dim: 100
        model_building.epochs: 1
        model_building.lstm_units: 512
        model_building.vocab_size: 883
    outs:
    - path: models/LSTM_512.h5
      hash: md5
      md5: 6a406399a84eabcfbfb2ac489fdab593
      size: 21596404
  model_evaluation:
    cmd: python src/model/model_evaluation.py
    deps:
    - path: models/LSTM_512.h5
      hash: md5
      md5: 6a406399a84eabcfbfb2ac489fdab593
      size: 21596404
    - path: src/model/model_evaluation.py
      hash: md5
      md5: f49645912243d0febaa3d668b3eae4aa
      size: 6268
    params:
      params.yaml:
        model_evaluation.sample_size: 100
    outs:
    - path: reports/accuracy_loss.json
      hash: md5
      md5: 81a7c16278c88bbe3bc4265b3bc4ca3a
      size: 162
    - path: reports/evaluation_metrics.json
      hash: md5
      md5: c61224e4ef85ba2e503ad97f640e43d2
      size: 42
    - path: reports/model_info.json
      hash: md5
      md5: e66399d818fe4f2332006e9db72e721a
      size: 82
  model_registration:
    cmd: python src/model/register_model.py
    deps:
    - path: reports/model_info.json
      hash: md5
      md5: e66399d818fe4f2332006e9db72e721a
      size: 82
    - path: src/model/register_model.py
      hash: md5
      md5: edc03f326218d36b92af63919e7e8625
      size: 3026
